# dl_dir  ubuntu-pool-path  sha256  version  (generated by ubuntu-subst.py)
busybox pool/main/b/busybox/busybox_1.37.0.orig.tar.bz2 3311dff32e746499f4df0d5df04d7eb396382d7e108bb9250e7b519b837043a4 1.37.0
e2fsprogs pool/main/e/e2fsprogs/e2fsprogs_1.47.4.orig.tar.gz 2cec05f39c20ee621f14926195664e66e6017190ac8e4bbdb16d86082e43c5da 1.47.4
fltk pool/universe/f/fltk1.3/fltk1.3_1.3.8.orig.tar.gz f3c1102b07eb0e7a50538f9fc9037c18387165bc70d4b626e94ab725b9d4d1bf 1.3.8
fontconfig pool/main/f/fontconfig/fontconfig_2.17.1.orig.tar.gz f07504cef87f171ee1748352e2df9b9f125352f620fa0d03a9284306ea2c40a4 2.17.1
freetype pool/main/f/freetype/freetype_2.14.2+dfsg.orig.tar.xz 9a2bdc2c992fa82a309eccf5e8bcbf2a380a98ba22f9f2ec7e56767739a19a0a 2.14.2
