# dl_dir  ubuntu-pool-path  sha256  version  (generated by ubuntu-subst.py)
acl pool/main/a/acl/acl_2.3.2.orig.tar.xz 97203a72cae99ab89a067fe2210c1cbf052bc492b479eca7d226d9830883b0bd 2.3.2
attr pool/main/a/attr/attr_2.5.2.orig.tar.xz f2e97b0ab7ce293681ab701915766190d607a1dba7fae8a718138150b700a70b 2.5.2
autoconf pool/main/a/autoconf/autoconf_2.72.orig.tar.xz ba885c1319578d6c94d46e9b0dceb4014caafe2490e437a0dbca3f270a223f5a 2.72
binutils pool/main/b/binutils/binutils_2.46.orig.tar.xz a389850c2d3919f2cc96fb8b5e7711eacfc819259aaffb11615c9fb9756eaeae 2.46
busybox pool/main/b/busybox/busybox_1.37.0.orig.tar.bz2 3311dff32e746499f4df0d5df04d7eb396382d7e108bb9250e7b519b837043a4 1.37.0
e2fsprogs pool/main/e/e2fsprogs/e2fsprogs_1.47.4.orig.tar.gz 2cec05f39c20ee621f14926195664e66e6017190ac8e4bbdb16d86082e43c5da 1.47.4
fltk pool/universe/f/fltk1.3/fltk1.3_1.3.8.orig.tar.gz f3c1102b07eb0e7a50538f9fc9037c18387165bc70d4b626e94ab725b9d4d1bf 1.3.8
fontconfig pool/main/f/fontconfig/fontconfig_2.17.1.orig.tar.gz f07504cef87f171ee1748352e2df9b9f125352f620fa0d03a9284306ea2c40a4 2.17.1
freetype pool/main/f/freetype/freetype_2.14.2+dfsg.orig.tar.xz 9a2bdc2c992fa82a309eccf5e8bcbf2a380a98ba22f9f2ec7e56767739a19a0a 2.14.2
gawk pool/main/g/gawk/gawk_5.3.2.orig.tar.xz 3b2a95bc6de68e2dc833ce547e366d62001274f8b892c6424f34f70d321cda70 5.3.2
gcc pool/main/g/gcc-15/gcc-15_15.2.0.orig.tar.gz 3063dafdeed9fb9565f099b2560379bce08dae2b461ed4e30dd8d999f5f5747c 15.2.0
gmp pool/main/g/gmp/gmp_6.3.0+dfsg.orig.tar.xz bd2966e6d277f79328e894a5a9f3ba3fbf2ed2be81def5f48623e30c23fb1572 6.3.0
kmod pool/main/k/kmod/kmod_34.2.orig.tar.xz 012d16e2099115486d8aa9f2c2a23d058d3d0cad83113a60512647d25d3869e8 34.2
libdrm pool/main/libd/libdrm/libdrm_2.4.131.orig.tar.xz 45ba9983b51c896406a3d654de81d313b953b76e6391e2797073d543c5f617d5 2.4.131
libevdev pool/main/libe/libevdev/libevdev_1.13.6+dfsg.orig.tar.xz 6643222f13cfbead0e30b8b74600f6d335f6ebb1ad8cbaf85783e36886689071 1.13.6
libgcrypt pool/main/libg/libgcrypt20/libgcrypt20_1.12.0.orig.tar.bz2 0311454e678189bad62a7e9402a9dd793025efff6e7449898616e2fc75e0f4f5 1.12.0
libgpg-error pool/main/libg/libgpg-error/libgpg-error_1.58.orig.tar.bz2 f943aea9a830a8bd938e5124b579efaece24a3225ff4c3d27611a80ce1260c27 1.58
libpciaccess pool/main/libp/libpciaccess/libpciaccess_0.18.1.orig.tar.gz f31889dfb54c1b0ba114ce0eebc360bdbe14392b209ca94cb019c2bb736a6b9a 0.18.1
libpthread-stubs pool/universe/libp/libpthread-stubs/libpthread-stubs_0.5.orig.tar.gz 593196cc746173d1e25cb54a93a87fd749952df68699aab7e02c085530e87747 0.5
libtool pool/main/libt/libtool/libtool_2.5.4.orig.tar.xz d9189031edeaa6aa74695b2aeb80a8c26df50b29d8b72c991667e01adecea42c 2.5.4
libxcb pool/main/libx/libxcb/libxcb_1.17.0.orig.tar.gz 2c69287424c9e2128cb47ffe92171e10417041ec2963bceafb65cb3fcf8f0b85 1.17.0
libxml2 pool/main/libx/libxml2/libxml2_2.15.2+dfsg.orig.tar.xz f1e80b8c76041d45840b96da2a5c0ddfb7ffcc923ef6687260e7ebb0fdaa26a5 2.15.2
libzlib pool/main/z/zlib/zlib_1.3.dfsg+really1.3.1.orig.tar.gz 60dd315c07f616887caa029408308a018ace66e3d142726a97db164b3b8f69fb 1.3.1
mpc pool/main/m/mpclib3/mpclib3_1.3.1.orig.tar.gz ab642492f5cf882b74aa0cb730cd410a81edcdbec895183ce930e706c1c759b8 1.3.1
mtdev pool/main/m/mtdev/mtdev_1.1.7.orig.tar.gz a55bd02a9af4dd266c0042ec608744fff3a017577614c057da09f1f4566ea32c 1.1.7
musl pool/universe/m/musl/musl_1.2.5.orig.tar.gz a9a118bbe84d8764da0ea0d28b3ab3fae8477fc7e4085d90102b8596fc7c75e4 1.2.5
ncurses pool/main/n/ncurses/ncurses_6.6+20251231.orig.tar.gz e280541f4f601b8586bec305976c873fd641607f9bc4254bf661034dcccac4e9 6.6-20251231
pixman pool/main/p/pixman/pixman_0.46.4.orig.tar.gz d09c44ebc3bd5bee7021c79f922fe8fb2fb57f7320f55e97ff9914d2346a591c 0.46.4
pkgconf pool/main/p/pkgconf/pkgconf_2.5.1.orig.tar.xz cd05c9589b9f86ecf044c10a2269822bc9eb001eced2582cfffd658b0a50c243 2.5.1
python3 pool/main/p/python3.14/python3.14_3.14.4.orig.tar.xz d923c51303e38e249136fc1bdf3568d56ecb03214efdef48516176d3d7faaef8 3.14.4
util-linux pool/main/u/util-linux/util-linux_2.41.3.orig.tar.xz 3330d873f0fceb5560b89a7dc14e4f3288bbd880e96903ed9b50ec2b5799e58b 2.41.3
xapp_bdftopcf pool/main/x/xfonts-utils/xfonts-utils_7.7+6build2.tar.gz afc12fd9c2719b3544d8b3d71415060062dc271b1f26589f2c00698b58ca886e 1.1
xapp_mkfontscale pool/main/x/xfonts-utils/xfonts-utils_7.7+6build2.tar.gz afc12fd9c2719b3544d8b3d71415060062dc271b1f26589f2c00698b58ca886e 1.1.3
xapp_xkbcomp pool/main/x/x11-xkb-utils/x11-xkb-utils_7.7+5build4.tar.gz 59e3c4bd741c028412726d0068a07808983832980aeaf57bcf779676666fefaf 1.4.3
xapp_xmodmap pool/main/x/x11-xserver-utils/x11-xserver-utils_7.7+10build2.tar.xz c84e48e30230ac74eb7fb1014637c9467f717bace33d44bee1e7d8493cc3919d 1.0.11
xcb-proto pool/universe/x/xcb-proto/xcb-proto_1.17.0.orig.tar.gz 392d3c9690f8c8202a68fdb89c16fd55159ab8d65000a6da213f4a1576e97a16 1.17.0
xdata_xbitmaps pool/main/x/xbitmaps/xbitmaps_1.1.1.orig.tar.gz 3bc89e05be4179ce4d3dbba1ae554da4591d41f7a489d9e2735a18cfd8378188 1.1.1
xdriver_xf86-input-evdev pool/universe/x/xserver-xorg-input-evdev/xserver-xorg-input-evdev_2.11.0.orig.tar.gz 6bf1d288f15f5c7db87e8ad62a75ef372789897be11d8a9706c4408b863a2add 2.11.0
xdriver_xf86-video-fbdev pool/main/x/xserver-xorg-video-fbdev/xserver-xorg-video-fbdev_0.5.0.orig.tar.gz a31f62db237a5c25bb087713a22a867a9b7680833ce3b644ecd712887b7b1d62 0.5.0
xdriver_xf86-video-vesa pool/main/x/xserver-xorg-video-vesa/xserver-xorg-video-vesa_2.6.0.orig.tar.gz dbf3f95bd0b598ac7e7fc9774b37dc387eb4f805f63e93f720a577c23500881c 2.6.0
xfont_encodings pool/main/x/xfonts-encodings/xfonts-encodings_1.0.5.orig.tar.gz 66f524ab53acdd0823265e1b1a894f8652c928ae75a18b39aafd6a2d4a5577b0 1.0.5
xfont_font-cursor-misc pool/main/x/xfonts-base/xfonts-base_1.0.5+nmu1build1.tar.gz 51caa96bdf8f8d40ca9780748b0b9a9d8b9ced8128d22691702e4a29a60a5af9 1.0.3
xfont_font-misc-misc pool/main/x/xfonts-base/xfonts-base_1.0.5.tar.gz c2aef282be91aa1d2ccc8193400d073603c5670cecd9f3522f94f15ac2dca881 1.1.2
xfont_font-util pool/main/x/xfonts-utils/xfonts-utils_7.7+6build2.tar.gz afc12fd9c2719b3544d8b3d71415060062dc271b1f26589f2c00698b58ca886e 1.3.1
xkeyboard-config pool/main/x/xkeyboard-config/xkeyboard-config_2.41.orig.tar.gz 8af4ed51ce0dc6fcf8cd9291355eec0221b3f0e531ad3ab022f086c05b7fe93f 2.41
xlib_libICE pool/main/libi/libice/libice_1.1.1.orig.tar.gz 04fbd34a11ba08b9df2e3cdb2055c2e3c1c51b3257f683d7fcf42dabcf8e1210 1.1.1
xlib_libSM pool/main/libs/libsm/libsm_1.2.6.orig.tar.gz 166b4b50d606cdd83f1ddc61b5b9162600034f848b3e32ccbb0e63536b7d6cdd 1.2.6
xlib_libX11 pool/main/libx/libx11/libx11_1.8.12.orig.tar.gz 220fbcf54b6e4d8dc40076ff4ab87954358019982490b33c7802190b62d89ce1 1.8.12
xlib_libXau pool/main/libx/libxau/libxau_1.0.11.orig.tar.gz 3a321aaceb803577a4776a5efe78836eb095a9e44bbc7a465d29463e1a14f189 1.0.11
xlib_libXaw pool/main/libx/libxaw/libxaw_1.0.16.orig.tar.gz 012f90adf8739f2f023d63a5fee1528949cf2aba92ef7ac1abcfc2ae9cf28798 1.0.16
xlib_libXcursor pool/main/libx/libxcursor/libxcursor_1.2.3.orig.tar.gz 74e72da27e61cc2cfd2e267c14f500ea47775850048ee0b00362a55c9b60ee9b 1.2.3
xlib_libXdamage pool/main/libx/libxdamage/libxdamage_1.1.6.orig.tar.gz 2afcc139eb6eb926ffe344494b1fc023da25def42874496e6e6d3aa8acef8595 1.1.6
xlib_libXdmcp pool/main/libx/libxdmcp/libxdmcp_1.1.5.orig.tar.gz 31a7abc4f129dcf6f27ae912c3eedcb94d25ad2e8f317f69df6eda0bc4e4f2f3 1.1.5
xlib_libXext pool/main/libx/libxext/libxext_1.3.4.orig.tar.gz 8ef0789f282826661ff40a8eef22430378516ac580167da35cc948be9041aac1 1.3.4
xlib_libXfixes pool/main/libx/libxfixes/libxfixes_6.0.0.orig.tar.gz 82045da5625350838390c9440598b90d69c882c324ca92f73af9f0e992cb57c7 6.0.0
xlib_libXfont2 pool/main/libx/libxfont/libxfont_2.0.6.orig.tar.gz a944df7b6837c8fa2067f6a5fc25d89b0acc4011cd0bc085106a03557fb502fc 2.0.6
xlib_libXft pool/main/x/xft/xft_2.3.6.orig.tar.gz b7e59f69e0bbabe9438088775f7e5a7c16a572e58b11f9722519385d38192df5 2.3.6
xlib_libXi pool/main/libx/libxi/libxi_1.8.2.orig.tar.gz 5542daec66febfeb6f51d57abfa915826efe2e3af57534f4105b82240ea3188d 1.8.2
xlib_libXinerama pool/main/libx/libxinerama/libxinerama_1.1.4.orig.tar.gz 64de45e18cc76b8e703cb09b3c9d28bd16e3d05d5cd99f2d630de2d62c3acc18 1.1.4
xlib_libXmu pool/main/libx/libxmu/libxmu_1.1.3.orig.tar.gz 5bd9d4ed1ceaac9ea023d86bf1c1632cd3b172dce4a193a72a94e1d9df87a62e 1.1.3
xlib_libXpm pool/main/libx/libxpm/libxpm_3.5.17.orig.tar.gz 959466c7dfcfcaa8a65055bfc311f74d4c43d9257900f85ab042604d286df0c6 3.5.17
xlib_libXrandr pool/main/libx/libxrandr/libxrandr_1.5.4.orig.tar.gz c72c94dc3373512ceb67f578952c5d10915b38cc9ebb0fd176a49857b8048e22 1.5.4
xlib_libXrender pool/main/libx/libxrender/libxrender_0.9.12.orig.tar.gz 0fff64125819c02d1102b6236f3d7d861a07b5216d8eea336c3811d31494ecf7 0.9.12
xlib_libXres pool/main/libx/libxres/libxres_1.2.1.orig.tar.gz 918fb33c3897b389a1fbb51571c5c04c6b297058df286d8b48faa5af85e88bcc 1.2.1
xlib_libXt pool/main/libx/libxt/libxt_1.2.1.orig.tar.gz 6da1bfa9dd0ed87430a5ce95b129485086394df308998ebe34d98e378e3dfb33 1.2.1
xlib_libXxf86vm pool/main/libx/libxxf86vm/libxxf86vm_1.1.4.orig.tar.gz 5108553c378a25688dcb57dca383664c36e293d60b1505815f67980ba9318a99 1.1.4
xlib_libfontenc pool/main/libf/libfontenc/libfontenc_1.1.8.orig.tar.gz b55039f70959a1b2f02f4ec8db071e5170528d2c9180b30575dccf7510d7fb9f 1.1.8
xlib_libxkbfile pool/main/libx/libxkbfile/libxkbfile_1.1.0.orig.tar.gz 2a92adda3992aa7cbad758ef0b8dfeaedebb49338b772c64ddf369d78c1c51d3 1.1.0
xlib_libxshmfence pool/main/libx/libxshmfence/libxshmfence_1.3.3.orig.tar.gz 6233ccd9fa80198835efc3039cdf8086ab2b218b17e77ebdb0a19913fcee58d3 1.3.3
xlib_xtrans pool/main/x/xtrans/xtrans_1.6.0.orig.tar.gz 936b74c60b19c317c3f3cb1b114575032528dbdaf428740483200ea874c2ca0a 1.6.0
xorgproto pool/main/x/xorgproto/xorgproto_2025.1.orig.tar.gz d6f89f65bafb8c9b735e0515882b8a1511e8e864dde5e9513e191629369f2256 2025.1
xserver_xorg-server pool/main/x/xorg-server/xorg-server_21.1.22.orig.tar.gz f8e4f677b313642d9e175b7c69a8aa5453b85636166407232e8b55870c700fa0 21.1.22
xterm pool/universe/x/xterm/xterm_407.orig.tar.gz 2136eba530068a1b7565abbf17823274f5cefb7fe3618355cbc89dc55c8b7b6a 407
xutil_util-macros pool/universe/x/xutils-dev/xutils-dev_7.7+5ubuntu2.tar.gz bae6371fc644f4a4c2c2a78a22c403869ae7e35902fd4abad76a381ba30b81b4 1.19.0
